
Microsoft Visual Studio Solution File, Format Version 12.00
# Visual Studio Version 17
VisualStudioVersion = 17.2.32602.215
MinimumVisualStudioVersion = 10.0.40219.1
Project("{2150E333-8FDC-42A3-9474-1A3956D46DE8}") = "src", "src", "{64144281-909A-4822-BEA4-451DAB605248}"
EndProject
Project("{2150E333-8FDC-42A3-9474-1A3956D46DE8}") = "Services", "Services", "{B027D8A4-06D7-49AD-918A-C4705D0090BC}"
EndProject
Project("{9A19103F-16F7-4668-BE54-9A1E7A4F7556}") = "Catalog.API", "src\Services\Catalog\Catalog.API\Catalog.API.csproj", "{E576CD23-C3C7-4504-A519-1A5593D3ABDE}"
EndProject
Project("{2150E333-8FDC-42A3-9474-1A3956D46DE8}") = "Catalog", "Catalog", "{30EE305C-FABD-43FD-BBE1-D52969E0E193}"
EndProject
Project("{9A19103F-16F7-4668-BE54-9A1E7A4F7556}") = "Catalog.Business", "src\Services\Catalog\Catalog.Business\Catalog.Business.csproj", "{7C94B09F-33E3-47DD-B641-AE98A718E21B}"
EndProject
Project("{9A19103F-16F7-4668-BE54-9A1E7A4F7556}") = "Catalog.DataAccess", "src\Services\Catalog\Catalog.DataAccess\Catalog.DataAccess.csproj", "{9388AF8F-116E-4B93-A1D9-CAC100C08C5C}"
EndProject
Project("{9A19103F-16F7-4668-BE54-9A1E7A4F7556}") = "Catalog.Entities", "src\Services\Catalog\Catalog.Entities\Catalog.Entities.csproj", "{86A22D8F-1D5E-4A95-B585-1CFD34338F1C}"
EndProject
Project("{E53339B2-1760-4266-BCC7-CA923CBCF16C}") = "docker-compose", "docker-compose.dcproj", "{457547B3-F064-4F4C-B89B-F70FE566F846}"
EndProject
Project("{2150E333-8FDC-42A3-9474-1A3956D46DE8}") = "Basket", "Basket", "{8CC5EA75-EE76-4BAE-ADC4-54656C9A07FF}"
EndProject
Project("{9A19103F-16F7-4668-BE54-9A1E7A4F7556}") = "Basket.API", "src\Services\Basket\Basket.API\Basket.API.csproj", "{F8DEA3A5-0208-457A-BE80-BAC8CE517F0E}"
EndProject
Project("{2150E333-8FDC-42A3-9474-1A3956D46DE8}") = "EventBus", "EventBus", "{0B257F53-5C44-4F3D-AF0F-4F84DAB5456B}"
EndProject
Project("{9A19103F-16F7-4668-BE54-9A1E7A4F7556}") = "Events", "src\EventBus\Events\Events.csproj", "{AEA62B3D-5949-41E5-BAD7-3E0A0CC6C147}"
EndProject
Project("{2150E333-8FDC-42A3-9474-1A3956D46DE8}") = "Solution Items", "Solution Items", "{1F18F4FF-D58E-4E73-AF9A-3E0D54ADDC39}"
	ProjectSection(SolutionItems) = preProject
		Koreografi.txt = Koreografi.txt
	EndProjectSection
EndProject
Project("{2150E333-8FDC-42A3-9474-1A3956D46DE8}") = "Orders", "Orders", "{626B5B6C-537D-4F38-A157-9CE857FD14F2}"
EndProject
Project("{2150E333-8FDC-42A3-9474-1A3956D46DE8}") = "Stocks", "Stocks", "{9F1CB375-603B-4A67-8199-367BDF1E7D47}"
EndProject
Project("{2150E333-8FDC-42A3-9474-1A3956D46DE8}") = "Payment", "Payment", "{DF4E51A9-850C-4776-9BF4-B4AEE750C3C3}"
EndProject
Project("{FAE04EC0-301F-11D3-BF4B-00C04F79EFBC}") = "Orders.API", "src\Services\Orders\Orders.API\Orders.API.csproj", "{46D5DB19-37ED-40D0-9B5E-DF762522EB83}"
EndProject
Project("{FAE04EC0-301F-11D3-BF4B-00C04F79EFBC}") = "Stocks.API", "src\Services\Stocks\Stocks.API\Stocks.API.csproj", "{52961A45-D128-4D28-B96B-E199ADCF2F18}"
EndProject
Project("{FAE04EC0-301F-11D3-BF4B-00C04F79EFBC}") = "Payment.API", "src\Services\Payment\Payment.API\Payment.API.csproj", "{2D22F727-61EF-45B9-ADA2-0CB6F5ED082D}"
EndProject
Project("{FAE04EC0-301F-11D3-BF4B-00C04F79EFBC}") = "Orchastrator.Service", "..\Orchastrator.Service\Orchastrator.Service.csproj", "{27CBFACF-1601-4F2B-934E-93E5A8CCB16A}"
EndProject
Global
	GlobalSection(SolutionConfigurationPlatforms) = preSolution
		Debug|Any CPU = Debug|Any CPU
		Release|Any CPU = Release|Any CPU
	EndGlobalSection
	GlobalSection(ProjectConfigurationPlatforms) = postSolution
		{E576CD23-C3C7-4504-A519-1A5593D3ABDE}.Debug|Any CPU.ActiveCfg = Debug|Any CPU
		{E576CD23-C3C7-4504-A519-1A5593D3ABDE}.Debug|Any CPU.Build.0 = Debug|Any CPU
		{E576CD23-C3C7-4504-A519-1A5593D3ABDE}.Release|Any CPU.ActiveCfg = Release|Any CPU
		{E576CD23-C3C7-4504-A519-1A5593D3ABDE}.Release|Any CPU.Build.0 = Release|Any CPU
		{7C94B09F-33E3-47DD-B641-AE98A718E21B}.Debug|Any CPU.ActiveCfg = Debug|Any CPU
		{7C94B09F-33E3-47DD-B641-AE98A718E21B}.Debug|Any CPU.Build.0 = Debug|Any CPU
		{7C94B09F-33E3-47DD-B641-AE98A718E21B}.Release|Any CPU.ActiveCfg = Release|Any CPU
		{7C94B09F-33E3-47DD-B641-AE98A718E21B}.Release|Any CPU.Build.0 = Release|Any CPU
		{9388AF8F-116E-4B93-A1D9-CAC100C08C5C}.Debug|Any CPU.ActiveCfg = Debug|Any CPU
		{9388AF8F-116E-4B93-A1D9-CAC100C08C5C}.Debug|Any CPU.Build.0 = Debug|Any CPU
		{9388AF8F-116E-4B93-A1D9-CAC100C08C5C}.Release|Any CPU.ActiveCfg = Release|Any CPU
		{9388AF8F-116E-4B93-A1D9-CAC100C08C5C}.Release|Any CPU.Build.0 = Release|Any CPU
		{86A22D8F-1D5E-4A95-B585-1CFD34338F1C}.Debug|Any CPU.ActiveCfg = Debug|Any CPU
		{86A22D8F-1D5E-4A95-B585-1CFD34338F1C}.Debug|Any CPU.Build.0 = Debug|Any CPU
		{86A22D8F-1D5E-4A95-B585-1CFD34338F1C}.Release|Any CPU.ActiveCfg = Release|Any CPU
		{86A22D8F-1D5E-4A95-B585-1CFD34338F1C}.Release|Any CPU.Build.0 = Release|Any CPU
		{457547B3-F064-4F4C-B89B-F70FE566F846}.Debug|Any CPU.ActiveCfg = Debug|Any CPU
		{457547B3-F064-4F4C-B89B-F70FE566F846}.Debug|Any CPU.Build.0 = Debug|Any CPU
		{457547B3-F064-4F4C-B89B-F70FE566F846}.Release|Any CPU.ActiveCfg = Release|Any CPU
		{457547B3-F064-4F4C-B89B-F70FE566F846}.Release|Any CPU.Build.0 = Release|Any CPU
		{F8DEA3A5-0208-457A-BE80-BAC8CE517F0E}.Debug|Any CPU.ActiveCfg = Debug|Any CPU
		{F8DEA3A5-0208-457A-BE80-BAC8CE517F0E}.Debug|Any CPU.Build.0 = Debug|Any CPU
		{F8DEA3A5-0208-457A-BE80-BAC8CE517F0E}.Release|Any CPU.ActiveCfg = Release|Any CPU
		{F8DEA3A5-0208-457A-BE80-BAC8CE517F0E}.Release|Any CPU.Build.0 = Release|Any CPU
		{AEA62B3D-5949-41E5-BAD7-3E0A0CC6C147}.Debug|Any CPU.ActiveCfg = Debug|Any CPU
		{AEA62B3D-5949-41E5-BAD7-3E0A0CC6C147}.Debug|Any CPU.Build.0 = Debug|Any CPU
		{AEA62B3D-5949-41E5-BAD7-3E0A0CC6C147}.Release|Any CPU.ActiveCfg = Release|Any CPU
		{AEA62B3D-5949-41E5-BAD7-3E0A0CC6C147}.Release|Any CPU.Build.0 = Release|Any CPU
		{46D5DB19-37ED-40D0-9B5E-DF762522EB83}.Debug|Any CPU.ActiveCfg = Debug|Any CPU
		{46D5DB19-37ED-40D0-9B5E-DF762522EB83}.Debug|Any CPU.Build.0 = Debug|Any CPU
		{46D5DB19-37ED-40D0-9B5E-DF762522EB83}.Release|Any CPU.ActiveCfg = Release|Any CPU
		{46D5DB19-37ED-40D0-9B5E-DF762522EB83}.Release|Any CPU.Build.0 = Release|Any CPU
		{52961A45-D128-4D28-B96B-E199ADCF2F18}.Debug|Any CPU.ActiveCfg = Debug|Any CPU
		{52961A45-D128-4D28-B96B-E199ADCF2F18}.Debug|Any CPU.Build.0 = Debug|Any CPU
		{52961A45-D128-4D28-B96B-E199ADCF2F18}.Release|Any CPU.ActiveCfg = Release|Any CPU
		{52961A45-D128-4D28-B96B-E199ADCF2F18}.Release|Any CPU.Build.0 = Release|Any CPU
		{2D22F727-61EF-45B9-ADA2-0CB6F5ED082D}.Debug|Any CPU.ActiveCfg = Debug|Any CPU
		{2D22F727-61EF-45B9-ADA2-0CB6F5ED082D}.Debug|Any CPU.Build.0 = Debug|Any CPU
		{2D22F727-61EF-45B9-ADA2-0CB6F5ED082D}.Release|Any CPU.ActiveCfg = Release|Any CPU
		{2D22F727-61EF-45B9-ADA2-0CB6F5ED082D}.Release|Any CPU.Build.0 = Release|Any CPU
		{27CBFACF-1601-4F2B-934E-93E5A8CCB16A}.Debug|Any CPU.ActiveCfg = Debug|Any CPU
		{27CBFACF-1601-4F2B-934E-93E5A8CCB16A}.Debug|Any CPU.Build.0 = Debug|Any CPU
		{27CBFACF-1601-4F2B-934E-93E5A8CCB16A}.Release|Any CPU.ActiveCfg = Release|Any CPU
		{27CBFACF-1601-4F2B-934E-93E5A8CCB16A}.Release|Any CPU.Build.0 = Release|Any CPU
	EndGlobalSection
	GlobalSection(SolutionProperties) = preSolution
		HideSolutionNode = FALSE
	EndGlobalSection
	GlobalSection(NestedProjects) = preSolution
		{B027D8A4-06D7-49AD-918A-C4705D0090BC} = {64144281-909A-4822-BEA4-451DAB605248}
		{E576CD23-C3C7-4504-A519-1A5593D3ABDE} = {30EE305C-FABD-43FD-BBE1-D52969E0E193}
		{30EE305C-FABD-43FD-BBE1-D52969E0E193} = {B027D8A4-06D7-49AD-918A-C4705D0090BC}
		{7C94B09F-33E3-47DD-B641-AE98A718E21B} = {30EE305C-FABD-43FD-BBE1-D52969E0E193}
		{9388AF8F-116E-4B93-A1D9-CAC100C08C5C} = {30EE305C-FABD-43FD-BBE1-D52969E0E193}
		{86A22D8F-1D5E-4A95-B585-1CFD34338F1C} = {30EE305C-FABD-43FD-BBE1-D52969E0E193}
		{8CC5EA75-EE76-4BAE-ADC4-54656C9A07FF} = {B027D8A4-06D7-49AD-918A-C4705D0090BC}
		{F8DEA3A5-0208-457A-BE80-BAC8CE517F0E} = {8CC5EA75-EE76-4BAE-ADC4-54656C9A07FF}
		{0B257F53-5C44-4F3D-AF0F-4F84DAB5456B} = {64144281-909A-4822-BEA4-451DAB605248}
		{AEA62B3D-5949-41E5-BAD7-3E0A0CC6C147} = {0B257F53-5C44-4F3D-AF0F-4F84DAB5456B}
		{626B5B6C-537D-4F38-A157-9CE857FD14F2} = {B027D8A4-06D7-49AD-918A-C4705D0090BC}
		{9F1CB375-603B-4A67-8199-367BDF1E7D47} = {B027D8A4-06D7-49AD-918A-C4705D0090BC}
		{DF4E51A9-850C-4776-9BF4-B4AEE750C3C3} = {B027D8A4-06D7-49AD-918A-C4705D0090BC}
		{46D5DB19-37ED-40D0-9B5E-DF762522EB83} = {626B5B6C-537D-4F38-A157-9CE857FD14F2}
		{52961A45-D128-4D28-B96B-E199ADCF2F18} = {9F1CB375-603B-4A67-8199-367BDF1E7D47}
		{2D22F727-61EF-45B9-ADA2-0CB6F5ED082D} = {DF4E51A9-850C-4776-9BF4-B4AEE750C3C3}
		{27CBFACF-1601-4F2B-934E-93E5A8CCB16A} = {B027D8A4-06D7-49AD-918A-C4705D0090BC}
	EndGlobalSection
	GlobalSection(ExtensibilityGlobals) = postSolution
		SolutionGuid = {48A1E1BD-7EC9-4F23-AF4F-1841748B4C3F}
	EndGlobalSection
EndGlobal
