
Microsoft Visual Studio Solution File, Format Version 12.00
# Visual Studio Version 17
VisualStudioVersion = 17.2.32602.215
MinimumVisualStudioVersion = 10.0.40219.1
Project("{2150E333-8FDC-42A3-9474-1A3956D46DE8}") = "src", "src", "{64144281-909A-4822-BEA4-451DAB605248}"
EndProject
Project("{2150E333-8FDC-42A3-9474-1A3956D46DE8}") = "Services", "Services", "{B027D8A4-06D7-49AD-918A-C4705D0090BC}"
EndProject
Project("{FAE04EC0-301F-11D3-BF4B-00C04F79EFBC}") = "Catalog.API", "src\Services\Catalog\Catalog.API\Catalog.API.csproj", "{E576CD23-C3C7-4504-A519-1A5593D3ABDE}"
EndProject
Project("{2150E333-8FDC-42A3-9474-1A3956D46DE8}") = "Catalog", "Catalog", "{30EE305C-FABD-43FD-BBE1-D52969E0E193}"
EndProject
Project("{FAE04EC0-301F-11D3-BF4B-00C04F79EFBC}") = "Catalog.Business", "src\Services\Catalog\Catalog.Business\Catalog.Business.csproj", "{7C94B09F-33E3-47DD-B641-AE98A718E21B}"
EndProject
Project("{FAE04EC0-301F-11D3-BF4B-00C04F79EFBC}") = "Catalog.DataAccess", "src\Services\Catalog\Catalog.DataAccess\Catalog.DataAccess.csproj", "{9388AF8F-116E-4B93-A1D9-CAC100C08C5C}"
EndProject
Project("{FAE04EC0-301F-11D3-BF4B-00C04F79EFBC}") = "Catalog.Entities", "src\Services\Catalog\Catalog.Entities\Catalog.Entities.csproj", "{86A22D8F-1D5E-4A95-B585-1CFD34338F1C}"
EndProject
Global
	GlobalSection(SolutionConfigurationPlatforms) = preSolution
		Debug|Any CPU = Debug|Any CPU
		Release|Any CPU = Release|Any CPU
	EndGlobalSection
	GlobalSection(ProjectConfigurationPlatforms) = postSolution
		{E576CD23-C3C7-4504-A519-1A5593D3ABDE}.Debug|Any CPU.ActiveCfg = Debug|Any CPU
		{E576CD23-C3C7-4504-A519-1A5593D3ABDE}.Debug|Any CPU.Build.0 = Debug|Any CPU
		{E576CD23-C3C7-4504-A519-1A5593D3ABDE}.Release|Any CPU.ActiveCfg = Release|Any CPU
		{E576CD23-C3C7-4504-A519-1A5593D3ABDE}.Release|Any CPU.Build.0 = Release|Any CPU
		{7C94B09F-33E3-47DD-B641-AE98A718E21B}.Debug|Any CPU.ActiveCfg = Debug|Any CPU
		{7C94B09F-33E3-47DD-B641-AE98A718E21B}.Debug|Any CPU.Build.0 = Debug|Any CPU
		{7C94B09F-33E3-47DD-B641-AE98A718E21B}.Release|Any CPU.ActiveCfg = Release|Any CPU
		{7C94B09F-33E3-47DD-B641-AE98A718E21B}.Release|Any CPU.Build.0 = Release|Any CPU
		{9388AF8F-116E-4B93-A1D9-CAC100C08C5C}.Debug|Any CPU.ActiveCfg = Debug|Any CPU
		{9388AF8F-116E-4B93-A1D9-CAC100C08C5C}.Debug|Any CPU.Build.0 = Debug|Any CPU
		{9388AF8F-116E-4B93-A1D9-CAC100C08C5C}.Release|Any CPU.ActiveCfg = Release|Any CPU
		{9388AF8F-116E-4B93-A1D9-CAC100C08C5C}.Release|Any CPU.Build.0 = Release|Any CPU
		{86A22D8F-1D5E-4A95-B585-1CFD34338F1C}.Debug|Any CPU.ActiveCfg = Debug|Any CPU
		{86A22D8F-1D5E-4A95-B585-1CFD34338F1C}.Debug|Any CPU.Build.0 = Debug|Any CPU
		{86A22D8F-1D5E-4A95-B585-1CFD34338F1C}.Release|Any CPU.ActiveCfg = Release|Any CPU
		{86A22D8F-1D5E-4A95-B585-1CFD34338F1C}.Release|Any CPU.Build.0 = Release|Any CPU
	EndGlobalSection
	GlobalSection(SolutionProperties) = preSolution
		HideSolutionNode = FALSE
	EndGlobalSection
	GlobalSection(NestedProjects) = preSolution
		{B027D8A4-06D7-49AD-918A-C4705D0090BC} = {64144281-909A-4822-BEA4-451DAB605248}
		{E576CD23-C3C7-4504-A519-1A5593D3ABDE} = {30EE305C-FABD-43FD-BBE1-D52969E0E193}
		{30EE305C-FABD-43FD-BBE1-D52969E0E193} = {B027D8A4-06D7-49AD-918A-C4705D0090BC}
		{7C94B09F-33E3-47DD-B641-AE98A718E21B} = {30EE305C-FABD-43FD-BBE1-D52969E0E193}
		{9388AF8F-116E-4B93-A1D9-CAC100C08C5C} = {30EE305C-FABD-43FD-BBE1-D52969E0E193}
		{86A22D8F-1D5E-4A95-B585-1CFD34338F1C} = {30EE305C-FABD-43FD-BBE1-D52969E0E193}
	EndGlobalSection
	GlobalSection(ExtensibilityGlobals) = postSolution
		SolutionGuid = {48A1E1BD-7EC9-4F23-AF4F-1841748B4C3F}
	EndGlobalSection
EndGlobal
